{
  "lockfileVersion": 1,
  "packages": {
    "marked": {
      "dependencies": {},
      "integrity": "sha512-NOmVMM+KAokHMvjWmC5N/ZOvgmSWuqJB8FoYI019j4ogb/PeRMKoKIjReZ2w3376kkA8dSJIP8uD993Kxc0iRQ==",
      "tarball": "https://registry.npmjs.org/marked/-/marked-17.0.4.tgz",
      "version": "17.0.4"
    }
  }
}
