{
  "lockfileVersion": 1,
  "packages": {
    "preact": {
      "dependencies": {},
      "integrity": "sha512-wSAGyk2bYR1c7t3SZ3jHcM6xy0lcBcDel6lODcs9ME6Th++Dx2KU+6D3HD8wMMKGA8Wpw7OMd3/4RGzYRpzwRg==",
      "tarball": "https://registry.npmjs.org/preact/-/preact-10.29.0.tgz",
      "version": "10.29.0"
    }
  }
}
